asgiref==3.7.2
certifi==2024.2.2
cffi==1.16.0
charset-normalizer==3.3.2
cryptography==41.0.7
Django==4.2.11
django-auth-ldap==4.5.0
djangorestframework==3.14.0
djangorestframework-simplejwt==5.3.1
future==0.18.3
idna==3.6
mysqlclient==2.1.1
pyasn1==0.5.1
pyasn1-modules==0.3.0
pycparser==2.21
PyJWT==2.8.0
python-ldap==3.4.4
pytz==2024.1
requests==2.31.0
sqlparse==0.4.4
urllib3==2.0.7
