asgiref==3.5.2
certifi==2022.12.7
cffi==1.15.1
charset-normalizer==2.1.1
cryptography==38.0.4
Django==4.1.4
django-auth-ldap==4.1.0
django-radius==1.5.0
djangorestframework==3.14.0
djangorestframework-simplejwt==5.2.2
future==0.16.0
idna==3.4
mysqlclient==2.1.1
netaddr==0.8.0
pkg_resources==0.0.0
pyasn1==0.4.8
pyasn1-modules==0.2.8
pycparser==2.21
PyJWT==2.5.0
pyrad==2.4
python-ldap==3.4.3
pytz==2022.6
requests==2.28.1
six==1.16.0
sqlparse==0.4.3
urllib3==1.26.13
